
Microsoft Visual Studio Solution File, Format Version 12.00
# Visual Studio Version 16
VisualStudioVersion = 16.0.31702.278
MinimumVisualStudioVersion = 10.0.40219.1
Project("{9A19103F-16F7-4668-BE54-9A1E7A4F7556}") = "Catalog.API", "Services\Catalog\Catalog.API\Catalog.API.csproj", "{C1E5FFBC-841E-48C0-A911-4B7FF9E872A5}"
EndProject
Project("{9A19103F-16F7-4668-BE54-9A1E7A4F7556}") = "Basket.API", "Services\Basket\Basket.API\Basket.API.csproj", "{670A55D1-5C94-46FA-8443-B3C0663AE3C1}"
EndProject
Project("{E53339B2-1760-4266-BCC7-CA923CBCF16C}") = "docker-compose", "docker-compose.dcproj", "{E89078FB-233B-4EBF-A6AE-B68647A4B200}"
EndProject
Project("{2150E333-8FDC-42A3-9474-1A3956D46DE8}") = "Services", "Services", "{6D301623-6179-453E-9B78-A59B0D3F9BD8}"
EndProject
Project("{2150E333-8FDC-42A3-9474-1A3956D46DE8}") = "Basket", "Basket", "{361636BB-7F4D-481F-B5FA-8C4A31053898}"
EndProject
Project("{2150E333-8FDC-42A3-9474-1A3956D46DE8}") = "Catalog", "Catalog", "{B0145E8F-42E3-4FE0-B2FF-6171BB08C20B}"
EndProject
Project("{2150E333-8FDC-42A3-9474-1A3956D46DE8}") = "Discount", "Discount", "{8678FE81-FD89-4938-9195-27DBDDE54E4D}"
EndProject
Project("{9A19103F-16F7-4668-BE54-9A1E7A4F7556}") = "Discount.Common", "Services\Discount\Discount.Common\Discount.Common.csproj", "{081B0602-B86B-455F-A0BF-7F0DB6397058}"
EndProject
Project("{9A19103F-16F7-4668-BE54-9A1E7A4F7556}") = "Discount.API", "Services\Discount\Discount.API\Discount.API.csproj", "{4FA488F9-006A-434D-B1DF-2000F0425B8F}"
EndProject
Project("{9A19103F-16F7-4668-BE54-9A1E7A4F7556}") = "Discount.GRPC", "Services\Discount\Discount.GRPC\Discount.GRPC.csproj", "{4DE203F6-1E6E-458C-B5AD-6054B784CB76}"
EndProject
Project("{2150E333-8FDC-42A3-9474-1A3956D46DE8}") = "Ordering", "Ordering", "{0A66D696-1588-4701-B852-21240678C93B}"
EndProject
Project("{9A19103F-16F7-4668-BE54-9A1E7A4F7556}") = "Ordering.Domain", "Services\Ordering\Ordering.Domain\Ordering.Domain.csproj", "{5C85B5A9-6C7C-49DB-97BB-37502D45599B}"
EndProject
Project("{9A19103F-16F7-4668-BE54-9A1E7A4F7556}") = "Ordering.Application", "Services\Ordering\Ordering.Application\Ordering.Application.csproj", "{E1A963B1-4F64-4BF9-9F7C-C9B38C2ABD21}"
EndProject
Project("{FAE04EC0-301F-11D3-BF4B-00C04F79EFBC}") = "Ordering.API", "Services\Ordering\Ordering.API\Ordering.API.csproj", "{31073399-F04A-4BDB-85AA-924E002E5C90}"
EndProject
Project("{FAE04EC0-301F-11D3-BF4B-00C04F79EFBC}") = "Ordering.Infrastructure", "Services\Ordering\Ordering.Infrastructure\Ordering.Infrastructure.csproj", "{F1E6CF0C-C88C-4039-90B1-33E0DD616640}"
EndProject
Global
	GlobalSection(SolutionConfigurationPlatforms) = preSolution
		Debug|Any CPU = Debug|Any CPU
		Release|Any CPU = Release|Any CPU
	EndGlobalSection
	GlobalSection(ProjectConfigurationPlatforms) = postSolution
		{C1E5FFBC-841E-48C0-A911-4B7FF9E872A5}.Debug|Any CPU.ActiveCfg = Debug|Any CPU
		{C1E5FFBC-841E-48C0-A911-4B7FF9E872A5}.Debug|Any CPU.Build.0 = Debug|Any CPU
		{C1E5FFBC-841E-48C0-A911-4B7FF9E872A5}.Release|Any CPU.ActiveCfg = Release|Any CPU
		{C1E5FFBC-841E-48C0-A911-4B7FF9E872A5}.Release|Any CPU.Build.0 = Release|Any CPU
		{670A55D1-5C94-46FA-8443-B3C0663AE3C1}.Debug|Any CPU.ActiveCfg = Debug|Any CPU
		{670A55D1-5C94-46FA-8443-B3C0663AE3C1}.Debug|Any CPU.Build.0 = Debug|Any CPU
		{670A55D1-5C94-46FA-8443-B3C0663AE3C1}.Release|Any CPU.ActiveCfg = Release|Any CPU
		{670A55D1-5C94-46FA-8443-B3C0663AE3C1}.Release|Any CPU.Build.0 = Release|Any CPU
		{E89078FB-233B-4EBF-A6AE-B68647A4B200}.Debug|Any CPU.ActiveCfg = Debug|Any CPU
		{E89078FB-233B-4EBF-A6AE-B68647A4B200}.Debug|Any CPU.Build.0 = Debug|Any CPU
		{E89078FB-233B-4EBF-A6AE-B68647A4B200}.Release|Any CPU.ActiveCfg = Release|Any CPU
		{E89078FB-233B-4EBF-A6AE-B68647A4B200}.Release|Any CPU.Build.0 = Release|Any CPU
		{081B0602-B86B-455F-A0BF-7F0DB6397058}.Debug|Any CPU.ActiveCfg = Debug|Any CPU
		{081B0602-B86B-455F-A0BF-7F0DB6397058}.Debug|Any CPU.Build.0 = Debug|Any CPU
		{081B0602-B86B-455F-A0BF-7F0DB6397058}.Release|Any CPU.ActiveCfg = Release|Any CPU
		{081B0602-B86B-455F-A0BF-7F0DB6397058}.Release|Any CPU.Build.0 = Release|Any CPU
		{4FA488F9-006A-434D-B1DF-2000F0425B8F}.Debug|Any CPU.ActiveCfg = Debug|Any CPU
		{4FA488F9-006A-434D-B1DF-2000F0425B8F}.Debug|Any CPU.Build.0 = Debug|Any CPU
		{4FA488F9-006A-434D-B1DF-2000F0425B8F}.Release|Any CPU.ActiveCfg = Release|Any CPU
		{4FA488F9-006A-434D-B1DF-2000F0425B8F}.Release|Any CPU.Build.0 = Release|Any CPU
		{4DE203F6-1E6E-458C-B5AD-6054B784CB76}.Debug|Any CPU.ActiveCfg = Debug|Any CPU
		{4DE203F6-1E6E-458C-B5AD-6054B784CB76}.Debug|Any CPU.Build.0 = Debug|Any CPU
		{4DE203F6-1E6E-458C-B5AD-6054B784CB76}.Release|Any CPU.ActiveCfg = Release|Any CPU
		{4DE203F6-1E6E-458C-B5AD-6054B784CB76}.Release|Any CPU.Build.0 = Release|Any CPU
		{5C85B5A9-6C7C-49DB-97BB-37502D45599B}.Debug|Any CPU.ActiveCfg = Debug|Any CPU
		{5C85B5A9-6C7C-49DB-97BB-37502D45599B}.Debug|Any CPU.Build.0 = Debug|Any CPU
		{5C85B5A9-6C7C-49DB-97BB-37502D45599B}.Release|Any CPU.ActiveCfg = Release|Any CPU
		{5C85B5A9-6C7C-49DB-97BB-37502D45599B}.Release|Any CPU.Build.0 = Release|Any CPU
		{E1A963B1-4F64-4BF9-9F7C-C9B38C2ABD21}.Debug|Any CPU.ActiveCfg = Debug|Any CPU
		{E1A963B1-4F64-4BF9-9F7C-C9B38C2ABD21}.Debug|Any CPU.Build.0 = Debug|Any CPU
		{E1A963B1-4F64-4BF9-9F7C-C9B38C2ABD21}.Release|Any CPU.ActiveCfg = Release|Any CPU
		{E1A963B1-4F64-4BF9-9F7C-C9B38C2ABD21}.Release|Any CPU.Build.0 = Release|Any CPU
		{31073399-F04A-4BDB-85AA-924E002E5C90}.Debug|Any CPU.ActiveCfg = Debug|Any CPU
		{31073399-F04A-4BDB-85AA-924E002E5C90}.Debug|Any CPU.Build.0 = Debug|Any CPU
		{31073399-F04A-4BDB-85AA-924E002E5C90}.Release|Any CPU.ActiveCfg = Release|Any CPU
		{31073399-F04A-4BDB-85AA-924E002E5C90}.Release|Any CPU.Build.0 = Release|Any CPU
		{F1E6CF0C-C88C-4039-90B1-33E0DD616640}.Debug|Any CPU.ActiveCfg = Debug|Any CPU
		{F1E6CF0C-C88C-4039-90B1-33E0DD616640}.Debug|Any CPU.Build.0 = Debug|Any CPU
		{F1E6CF0C-C88C-4039-90B1-33E0DD616640}.Release|Any CPU.ActiveCfg = Release|Any CPU
		{F1E6CF0C-C88C-4039-90B1-33E0DD616640}.Release|Any CPU.Build.0 = Release|Any CPU
	EndGlobalSection
	GlobalSection(SolutionProperties) = preSolution
		HideSolutionNode = FALSE
	EndGlobalSection
	GlobalSection(NestedProjects) = preSolution
		{C1E5FFBC-841E-48C0-A911-4B7FF9E872A5} = {B0145E8F-42E3-4FE0-B2FF-6171BB08C20B}
		{670A55D1-5C94-46FA-8443-B3C0663AE3C1} = {361636BB-7F4D-481F-B5FA-8C4A31053898}
		{361636BB-7F4D-481F-B5FA-8C4A31053898} = {6D301623-6179-453E-9B78-A59B0D3F9BD8}
		{B0145E8F-42E3-4FE0-B2FF-6171BB08C20B} = {6D301623-6179-453E-9B78-A59B0D3F9BD8}
		{8678FE81-FD89-4938-9195-27DBDDE54E4D} = {6D301623-6179-453E-9B78-A59B0D3F9BD8}
		{081B0602-B86B-455F-A0BF-7F0DB6397058} = {8678FE81-FD89-4938-9195-27DBDDE54E4D}
		{4FA488F9-006A-434D-B1DF-2000F0425B8F} = {8678FE81-FD89-4938-9195-27DBDDE54E4D}
		{4DE203F6-1E6E-458C-B5AD-6054B784CB76} = {8678FE81-FD89-4938-9195-27DBDDE54E4D}
		{0A66D696-1588-4701-B852-21240678C93B} = {6D301623-6179-453E-9B78-A59B0D3F9BD8}
		{5C85B5A9-6C7C-49DB-97BB-37502D45599B} = {0A66D696-1588-4701-B852-21240678C93B}
		{E1A963B1-4F64-4BF9-9F7C-C9B38C2ABD21} = {0A66D696-1588-4701-B852-21240678C93B}
		{31073399-F04A-4BDB-85AA-924E002E5C90} = {0A66D696-1588-4701-B852-21240678C93B}
		{F1E6CF0C-C88C-4039-90B1-33E0DD616640} = {0A66D696-1588-4701-B852-21240678C93B}
	EndGlobalSection
	GlobalSection(ExtensibilityGlobals) = postSolution
		SolutionGuid = {A4A989D1-ABE2-4C3C-BBDB-79B9ACD092C4}
	EndGlobalSection
EndGlobal
